
Microsoft Visual Studio Solution File, Format Version 12.00
# Visual Studio Version 17
VisualStudioVersion = 17.8.34330.188
MinimumVisualStudioVersion = 10.0.40219.1
Project("{FAE04EC0-301F-11D3-BF4B-00C04F79EFBC}") = "DoAnNhom11", "DoAnNhom11\DoAnNhom11.csproj", "{AB8FE542-99BF-4076-AD51-83CBB1B8F574}"
EndProject
Global
	GlobalSection(SolutionConfigurationPlatforms) = preSolution
		Debug|Any CPU = Debug|Any CPU
		Release|Any CPU = Release|Any CPU
	EndGlobalSection
	GlobalSection(ProjectConfigurationPlatforms) = postSolution
		{AB8FE542-99BF-4076-AD51-83CBB1B8F574}.Debug|Any CPU.ActiveCfg = Debug|Any CPU
		{AB8FE542-99BF-4076-AD51-83CBB1B8F574}.Debug|Any CPU.Build.0 = Debug|Any CPU
		{AB8FE542-99BF-4076-AD51-83CBB1B8F574}.Release|Any CPU.ActiveCfg = Release|Any CPU
		{AB8FE542-99BF-4076-AD51-83CBB1B8F574}.Release|Any CPU.Build.0 = Release|Any CPU
	EndGlobalSection
	GlobalSection(SolutionProperties) = preSolution
		HideSolutionNode = FALSE
	EndGlobalSection
	GlobalSection(ExtensibilityGlobals) = postSolution
		SolutionGuid = {44DDAC99-7760-48C8-98EA-A763F3849CE3}
	EndGlobalSection
EndGlobal
